
Microsoft Visual Studio Solution File, Format Version 12.00
# Visual Studio 2012
Project("{FAE04EC0-301F-11D3-BF4B-00C04F79EFBC}") = "flightschedule", "flightschedule\flightschedule.csproj", "{EB007C0F-F1E3-4CF6-BFC7-E46FF3ECCBB5}"
EndProject
Global
	GlobalSection(SolutionConfigurationPlatforms) = preSolution
		Debug|Any CPU = Debug|Any CPU
		Release|Any CPU = Release|Any CPU
	EndGlobalSection
	GlobalSection(ProjectConfigurationPlatforms) = postSolution
		{EB007C0F-F1E3-4CF6-BFC7-E46FF3ECCBB5}.Debug|Any CPU.ActiveCfg = Debug|Any CPU
		{EB007C0F-F1E3-4CF6-BFC7-E46FF3ECCBB5}.Debug|Any CPU.Build.0 = Debug|Any CPU
		{EB007C0F-F1E3-4CF6-BFC7-E46FF3ECCBB5}.Release|Any CPU.ActiveCfg = Release|Any CPU
		{EB007C0F-F1E3-4CF6-BFC7-E46FF3ECCBB5}.Release|Any CPU.Build.0 = Release|Any CPU
	EndGlobalSection
	GlobalSection(SolutionProperties) = preSolution
		HideSolutionNode = FALSE
	EndGlobalSection
EndGlobal
